
Microsoft Visual Studio Solution File, Format Version 12.00
# Visual Studio 15
VisualStudioVersion = 15.0.27428.2005
MinimumVisualStudioVersion = 10.0.40219.1
Project("{FAE04EC0-301F-11D3-BF4B-00C04F79EFBC}") = "ConsoleAppWords", "ConsoleAppWords\ConsoleAppWords.csproj", "{CFDC21D9-C862-4D8F-90EF-90DDACEEA594}"
EndProject
Global
	GlobalSection(SolutionConfigurationPlatforms) = preSolution
		Debug|Any CPU = Debug|Any CPU
		Release|Any CPU = Release|Any CPU
	EndGlobalSection
	GlobalSection(ProjectConfigurationPlatforms) = postSolution
		{CFDC21D9-C862-4D8F-90EF-90DDACEEA594}.Debug|Any CPU.ActiveCfg = Debug|Any CPU
		{CFDC21D9-C862-4D8F-90EF-90DDACEEA594}.Debug|Any CPU.Build.0 = Debug|Any CPU
		{CFDC21D9-C862-4D8F-90EF-90DDACEEA594}.Release|Any CPU.ActiveCfg = Release|Any CPU
		{CFDC21D9-C862-4D8F-90EF-90DDACEEA594}.Release|Any CPU.Build.0 = Release|Any CPU
	EndGlobalSection
	GlobalSection(SolutionProperties) = preSolution
		HideSolutionNode = FALSE
	EndGlobalSection
	GlobalSection(ExtensibilityGlobals) = postSolution
		SolutionGuid = {EFA5F102-01E2-4455-A9AC-38135D884BDA}
	EndGlobalSection
EndGlobal
